
Microsoft Visual Studio Solution File, Format Version 12.00
# Visual Studio Version 17
VisualStudioVersion = 17.5.33502.453
MinimumVisualStudioVersion = 10.0.40219.1
Project("{9A19103F-16F7-4668-BE54-9A1E7A4F7556}") = "inventory", "inventory\inventory.csproj", "{850C77D2-A1D0-4A82-ABFE-3518F882AF53}"
EndProject
Project("{54435603-DBB4-11D2-8724-00A0C9A8B90C}") = "InventorySetup", "InventorySetup\InventorySetup.vdproj", "{A969F5EC-4F4D-4B35-AEB8-EBDF1D51F0F0}"
EndProject
Global
	GlobalSection(SolutionConfigurationPlatforms) = preSolution
		Debug|Any CPU = Debug|Any CPU
		Release|Any CPU = Release|Any CPU
	EndGlobalSection
	GlobalSection(ProjectConfigurationPlatforms) = postSolution
		{850C77D2-A1D0-4A82-ABFE-3518F882AF53}.Debug|Any CPU.ActiveCfg = Debug|Any CPU
		{850C77D2-A1D0-4A82-ABFE-3518F882AF53}.Debug|Any CPU.Build.0 = Debug|Any CPU
		{850C77D2-A1D0-4A82-ABFE-3518F882AF53}.Release|Any CPU.ActiveCfg = Release|Any CPU
		{850C77D2-A1D0-4A82-ABFE-3518F882AF53}.Release|Any CPU.Build.0 = Release|Any CPU
		{A969F5EC-4F4D-4B35-AEB8-EBDF1D51F0F0}.Debug|Any CPU.ActiveCfg = Debug
		{A969F5EC-4F4D-4B35-AEB8-EBDF1D51F0F0}.Release|Any CPU.ActiveCfg = Release
	EndGlobalSection
	GlobalSection(SolutionProperties) = preSolution
		HideSolutionNode = FALSE
	EndGlobalSection
	GlobalSection(ExtensibilityGlobals) = postSolution
		SolutionGuid = {B3B7BC46-FBAE-4036-88A2-BA9655B0333B}
	EndGlobalSection
EndGlobal
